// !$*UTF8*$!
{
	archiveVersion = 1;
	classes = {};
	objectVersion = 56;
	objects = {

/* Begin PBXBuildFile section */
		A8651E5925914BDEADF4BADB /* CardiacMoodApp.swift in Sources */ = {isa = PBXBuildFile; fileRef = 0689B19CF1824D64826F89AB /* CardiacMoodApp.swift */; };
		9FCD20296CC2445490963844 /* ContentView.swift in Sources */ = {isa = PBXBuildFile; fileRef = B1AFF07C53A74B699648E615 /* ContentView.swift */; };
		0747516E73F648A98E3DB71B /* Config.swift in Sources */ = {isa = PBXBuildFile; fileRef = 0B3CE7D4AA0C4CAF825A7B23 /* Config.swift */; };
		C766C3D07A5E44549E84E30C /* CardiacAPIClient.swift in Sources */ = {isa = PBXBuildFile; fileRef = D6EE2FF7881C43F086DD0C7C /* CardiacAPIClient.swift */; };
		3FC4E7DBFF7E40F9B2BDB5C3 /* HealthBaselineReader.swift in Sources */ = {isa = PBXBuildFile; fileRef = 10FB14D283C14D7F91DFD292 /* HealthBaselineReader.swift */; };
		3F567F5260CF4345AFCC7015 /* MoodHub.swift in Sources */ = {isa = PBXBuildFile; fileRef = 5D59F4FAFB1449F5944161DF /* MoodHub.swift */; };
		1B44497382F64D64AC8B44F7 /* Assets.xcassets in Resources */ = {isa = PBXBuildFile; fileRef = 3DA2B632342B4AB1BF55B0CF /* Assets.xcassets */; };
		A46AC0CF9751424DA765E917 /* CardiacMoodWatchApp.swift in Sources */ = {isa = PBXBuildFile; fileRef = 3B36EE0596F64430AFCE011E /* CardiacMoodWatchApp.swift */; };
		4DCDA49D701246F6ABAFA4E9 /* ContentView.swift in Sources */ = {isa = PBXBuildFile; fileRef = D9A02F1C3E1C4737AA88901A /* ContentView.swift */; };
		C339FA774E5F4E44A1FABEB2 /* Config.swift in Sources */ = {isa = PBXBuildFile; fileRef = 5F812F49CF634DDAABE5AE45 /* Config.swift */; };
		4FB2DFA49F0040CAA8E816E4 /* WatchConnectivitySender.swift in Sources */ = {isa = PBXBuildFile; fileRef = C37A405CF4AB4A23A12E2136 /* WatchConnectivitySender.swift */; };
		B7B9AC3855294263980C59C6 /* WorkoutHeartBuffer.swift in Sources */ = {isa = PBXBuildFile; fileRef = C8E7C743104C4A459CB78048 /* WorkoutHeartBuffer.swift */; };
		E1F2A3B4C5D60718293A4B5C010 /* MoodViewerApp.swift in Sources */ = {isa = PBXBuildFile; fileRef = E1F2A3B4C5D60718293A4B5C003 /* MoodViewerApp.swift */; };
		E1F2A3B4C5D60718293A4B5C011 /* ViewerRootView.swift in Sources */ = {isa = PBXBuildFile; fileRef = E1F2A3B4C5D60718293A4B5C004 /* ViewerRootView.swift */; };
		E1F2A3B4C5D60718293A4B5C012 /* ColorHex.swift in Sources */ = {isa = PBXBuildFile; fileRef = E1F2A3B4C5D60718293A4B5C005 /* ColorHex.swift */; };
		E1F2A3B4C5D60718293A4B5C013 /* ViewerViewModel.swift in Sources */ = {isa = PBXBuildFile; fileRef = E1F2A3B4C5D60718293A4B5C006 /* ViewerViewModel.swift */; };
		E1F2A3B4C5D60718293A4B5C014 /* Config.swift in Sources */ = {isa = PBXBuildFile; fileRef = 0B3CE7D4AA0C4CAF825A7B23 /* Config.swift */; };
		E1F2A3B4C5D60718293A4B5C015 /* CardiacAPIClient.swift in Sources */ = {isa = PBXBuildFile; fileRef = D6EE2FF7881C43F086DD0C7C /* CardiacAPIClient.swift */; };
/* End PBXBuildFile section */

/* Begin PBXFileReference section */
		835C23EDEC7B45F1AF4BDD8E /* CardiacMood.app */ = {isa = PBXFileReference; explicitFileType = wrapper.application; includeInIndex = 0; path = CardiacMood.app; sourceTree = BUILT_PRODUCTS_DIR; };
		58A542D137484F38A56C2EE5 /* CardiacMoodWatch.app */ = {isa = PBXFileReference; explicitFileType = wrapper.application; includeInIndex = 0; path = CardiacMoodWatch.app; sourceTree = BUILT_PRODUCTS_DIR; };
		0689B19CF1824D64826F89AB /* CardiacMoodApp.swift */ = {isa = PBXFileReference; lastKnownFileType = sourcecode.swift; path = CardiacMoodApp.swift; sourceTree = "<group>"; };
		B1AFF07C53A74B699648E615 /* ContentView.swift */ = {isa = PBXFileReference; lastKnownFileType = sourcecode.swift; path = ContentView.swift; sourceTree = "<group>"; };
		0B3CE7D4AA0C4CAF825A7B23 /* Config.swift */ = {isa = PBXFileReference; lastKnownFileType = sourcecode.swift; path = Config.swift; sourceTree = "<group>"; };
		D6EE2FF7881C43F086DD0C7C /* CardiacAPIClient.swift */ = {isa = PBXFileReference; lastKnownFileType = sourcecode.swift; path = CardiacAPIClient.swift; sourceTree = "<group>"; };
		10FB14D283C14D7F91DFD292 /* HealthBaselineReader.swift */ = {isa = PBXFileReference; lastKnownFileType = sourcecode.swift; path = HealthBaselineReader.swift; sourceTree = "<group>"; };
		5D59F4FAFB1449F5944161DF /* MoodHub.swift */ = {isa = PBXFileReference; lastKnownFileType = sourcecode.swift; path = MoodHub.swift; sourceTree = "<group>"; };
		896A306E52364B84974AE354 /* CardiacMood.entitlements */ = {isa = PBXFileReference; lastKnownFileType = text.plist.entitlements; path = CardiacMood.entitlements; sourceTree = "<group>"; };
		3DA2B632342B4AB1BF55B0CF /* Assets.xcassets */ = {isa = PBXFileReference; lastKnownFileType = folder.assetcatalog; path = Assets.xcassets; sourceTree = "<group>"; };
		3B36EE0596F64430AFCE011E /* CardiacMoodWatchApp.swift */ = {isa = PBXFileReference; lastKnownFileType = sourcecode.swift; path = CardiacMoodWatchApp.swift; sourceTree = "<group>"; };
		D9A02F1C3E1C4737AA88901A /* ContentView.swift */ = {isa = PBXFileReference; lastKnownFileType = sourcecode.swift; path = ContentView.swift; sourceTree = "<group>"; };
		5F812F49CF634DDAABE5AE45 /* Config.swift */ = {isa = PBXFileReference; lastKnownFileType = sourcecode.swift; path = Config.swift; sourceTree = "<group>"; };
		C37A405CF4AB4A23A12E2136 /* WatchConnectivitySender.swift */ = {isa = PBXFileReference; lastKnownFileType = sourcecode.swift; path = WatchConnectivitySender.swift; sourceTree = "<group>"; };
		C8E7C743104C4A459CB78048 /* WorkoutHeartBuffer.swift */ = {isa = PBXFileReference; lastKnownFileType = sourcecode.swift; path = WorkoutHeartBuffer.swift; sourceTree = "<group>"; };
		E1F2A3B4C5D60718293A4B5C001 /* MoodViewer.app */ = {isa = PBXFileReference; explicitFileType = wrapper.application; includeInIndex = 0; path = MoodViewer.app; sourceTree = BUILT_PRODUCTS_DIR; };
		E1F2A3B4C5D60718293A4B5C003 /* MoodViewerApp.swift */ = {isa = PBXFileReference; lastKnownFileType = sourcecode.swift; path = MoodViewerApp.swift; sourceTree = "<group>"; };
		E1F2A3B4C5D60718293A4B5C004 /* ViewerRootView.swift */ = {isa = PBXFileReference; lastKnownFileType = sourcecode.swift; path = ViewerRootView.swift; sourceTree = "<group>"; };
		E1F2A3B4C5D60718293A4B5C005 /* ColorHex.swift */ = {isa = PBXFileReference; lastKnownFileType = sourcecode.swift; path = ColorHex.swift; sourceTree = "<group>"; };
		E1F2A3B4C5D60718293A4B5C006 /* ViewerViewModel.swift */ = {isa = PBXFileReference; lastKnownFileType = sourcecode.swift; path = ViewerViewModel.swift; sourceTree = "<group>"; };
/* End PBXFileReference section */

/* Begin PBXFrameworksBuildPhase section */
		56EE9705017C4835A3185BD7 /* Frameworks */ = { isa = PBXFrameworksBuildPhase; buildActionMask = 2147483647; files = ( ); runOnlyForDeploymentPostprocessing = 0; };
		449B156792FD4E39924D671C /* Frameworks */ = { isa = PBXFrameworksBuildPhase; buildActionMask = 2147483647; files = ( ); runOnlyForDeploymentPostprocessing = 0; };
		E1F2A3B4C5D60718293A4B5C022 /* Frameworks */ = { isa = PBXFrameworksBuildPhase; buildActionMask = 2147483647; files = ( ); runOnlyForDeploymentPostprocessing = 0; };
/* End PBXFrameworksBuildPhase section */

/* Begin PBXGroup section */
		2F8A2F14A112429BB411E1F9 = {
			isa = PBXGroup;
			children = (
				AE4553B75BCA43D9B933DDBC /* CardiacMood */,
				E1F2A3B4C5D60718293A4B5C002 /* MoodViewer */,
				15323589F80940E895535099 /* CardiacMoodWatch */,
				3356F9CECD544DB19B4129E2 /* Products */,
			);
			sourceTree = "<group>";
		};
		AE4553B75BCA43D9B933DDBC /* CardiacMood */ = {
			isa = PBXGroup;
			children = (
				0689B19CF1824D64826F89AB /* CardiacMoodApp.swift */,
				B1AFF07C53A74B699648E615 /* ContentView.swift */,
				0B3CE7D4AA0C4CAF825A7B23 /* Config.swift */,
				D6EE2FF7881C43F086DD0C7C /* CardiacAPIClient.swift */,
				10FB14D283C14D7F91DFD292 /* HealthBaselineReader.swift */,
				5D59F4FAFB1449F5944161DF /* MoodHub.swift */,
				896A306E52364B84974AE354 /* CardiacMood.entitlements */,
				3DA2B632342B4AB1BF55B0CF /* Assets.xcassets */,
			);
			path = CardiacMood;
			sourceTree = "<group>";
		};
		E1F2A3B4C5D60718293A4B5C002 /* MoodViewer */ = {
			isa = PBXGroup;
			children = (
				E1F2A3B4C5D60718293A4B5C003 /* MoodViewerApp.swift */,
				E1F2A3B4C5D60718293A4B5C004 /* ViewerRootView.swift */,
				E1F2A3B4C5D60718293A4B5C006 /* ViewerViewModel.swift */,
				E1F2A3B4C5D60718293A4B5C005 /* ColorHex.swift */,
			);
			path = MoodViewer;
			sourceTree = "<group>";
		};
		15323589F80940E895535099 /* CardiacMoodWatch */ = {
			isa = PBXGroup;
			children = (
				3B36EE0596F64430AFCE011E /* CardiacMoodWatchApp.swift */,
				D9A02F1C3E1C4737AA88901A /* ContentView.swift */,
				5F812F49CF634DDAABE5AE45 /* Config.swift */,
				C37A405CF4AB4A23A12E2136 /* WatchConnectivitySender.swift */,
				C8E7C743104C4A459CB78048 /* WorkoutHeartBuffer.swift */,
			);
			path = CardiacMoodWatch;
			sourceTree = "<group>";
		};
		3356F9CECD544DB19B4129E2 /* Products */ = {
			isa = PBXGroup;
			children = (
				835C23EDEC7B45F1AF4BDD8E /* CardiacMood.app */,
				E1F2A3B4C5D60718293A4B5C001 /* MoodViewer.app */,
				58A542D137484F38A56C2EE5 /* CardiacMoodWatch.app */,
			);
			name = Products;
			sourceTree = "<group>";
		};
/* End PBXGroup section */

/* Begin PBXNativeTarget section */
		AD6290A2B1DF4C6794B86005 /* CardiacMood */ = {
			isa = PBXNativeTarget;
			buildConfigurationList = 494B49A9479945BBB0280B36 /* Build configuration list for PBXNativeTarget "CardiacMood" */;
			buildPhases = (
				61D296D253674970BFBBF0A9 /* Sources */,
				56EE9705017C4835A3185BD7 /* Frameworks */,
				164BC9203B844805958D5F3E /* Resources */,
			);
			buildRules = ( );
			dependencies = (
			);
			name = CardiacMood;
			productName = CardiacMood;
			productReference = 835C23EDEC7B45F1AF4BDD8E /* CardiacMood.app */;
			productType = "com.apple.product-type.application";
		};
		5C1559F0FDCE4497A41D2851 /* CardiacMoodWatch */ = {
			isa = PBXNativeTarget;
			buildConfigurationList = 73A1B15007FF4696BDDE854B /* Build configuration list for PBXNativeTarget "CardiacMoodWatch" */;
			buildPhases = (
				3E4214F1662F4073B49EBEC0 /* Sources */,
				449B156792FD4E39924D671C /* Frameworks */,
				FAE041C2722F41DDABDC28AD /* Resources */,
			);
			buildRules = ( );
			dependencies = ( );
			name = CardiacMoodWatch;
			productName = CardiacMoodWatch;
			productReference = 58A542D137484F38A56C2EE5 /* CardiacMoodWatch.app */;
			productType = "com.apple.product-type.application";
		};
		E1F2A3B4C5D60718293A4B5C020 /* MoodViewer */ = {
			isa = PBXNativeTarget;
			buildConfigurationList = E1F2A3B4C5D60718293A4B5C032 /* Build configuration list for PBXNativeTarget "MoodViewer" */;
			buildPhases = (
				E1F2A3B4C5D60718293A4B5C021 /* Sources */,
				E1F2A3B4C5D60718293A4B5C022 /* Frameworks */,
				E1F2A3B4C5D60718293A4B5C023 /* Resources */,
			);
			buildRules = ( );
			dependencies = ( );
			name = MoodViewer;
			productName = MoodViewer;
			productReference = E1F2A3B4C5D60718293A4B5C001 /* MoodViewer.app */;
			productType = "com.apple.product-type.application";
		};
/* End PBXNativeTarget section */

/* Begin PBXProject section */
		CADAA52C0EAD464D9EF49A7B /* Project object */ = {
			isa = PBXProject;
			attributes = {
				BuildIndependentTargetsInParallel = 1;
				LastSwiftUpdateCheck = 1520; LastUpgradeCheck = 1520;
				TargetAttributes = {
					AD6290A2B1DF4C6794B86005 = { CreatedOnToolsVersion = 15.2; DevelopmentTeam = 877MZL68G8; ProvisioningStyle = Automatic; };
					5C1559F0FDCE4497A41D2851 = { CreatedOnToolsVersion = 15.2; DevelopmentTeam = 877MZL68G8; ProvisioningStyle = Automatic; };
					E1F2A3B4C5D60718293A4B5C020 = { CreatedOnToolsVersion = 15.2; DevelopmentTeam = 877MZL68G8; ProvisioningStyle = Automatic; };
				};
			};
			buildConfigurationList = 829B437550684F108715A653 /* Build configuration list for PBXProject "CardiacMood" */;
			compatibilityVersion = "Xcode 14.0"; developmentRegion = en;
			hasScannedForEncodings = 0; knownRegions = ( en, Base );
			mainGroup = 2F8A2F14A112429BB411E1F9;
			productRefGroup = 3356F9CECD544DB19B4129E2 /* Products */;
			projectDirPath = ""; projectRoot = "";
			targets = (
				AD6290A2B1DF4C6794B86005 /* CardiacMood */,
				E1F2A3B4C5D60718293A4B5C020 /* MoodViewer */,
				5C1559F0FDCE4497A41D2851 /* CardiacMoodWatch */,
			);
		};
/* End PBXProject section */

/* Begin PBXResourcesBuildPhase section */
		164BC9203B844805958D5F3E /* Resources */ = {
			isa = PBXResourcesBuildPhase; buildActionMask = 2147483647; files = (
				1B44497382F64D64AC8B44F7 /* Assets.xcassets in Resources */,
			); runOnlyForDeploymentPostprocessing = 0; };
		FAE041C2722F41DDABDC28AD /* Resources */ = { isa = PBXResourcesBuildPhase; buildActionMask = 2147483647; files = ( ); runOnlyForDeploymentPostprocessing = 0; };
		E1F2A3B4C5D60718293A4B5C023 /* Resources */ = { isa = PBXResourcesBuildPhase; buildActionMask = 2147483647; files = ( ); runOnlyForDeploymentPostprocessing = 0; };
/* End PBXResourcesBuildPhase section */

/* Begin PBXSourcesBuildPhase section */
		61D296D253674970BFBBF0A9 /* Sources */ = {
			isa = PBXSourcesBuildPhase; buildActionMask = 2147483647; files = (
				A8651E5925914BDEADF4BADB /* CardiacMoodApp.swift in Sources */,
				9FCD20296CC2445490963844 /* ContentView.swift in Sources */,
				0747516E73F648A98E3DB71B /* Config.swift in Sources */,
				C766C3D07A5E44549E84E30C /* CardiacAPIClient.swift in Sources */,
				3FC4E7DBFF7E40F9B2BDB5C3 /* HealthBaselineReader.swift in Sources */,
				3F567F5260CF4345AFCC7015 /* MoodHub.swift in Sources */,
			); runOnlyForDeploymentPostprocessing = 0; };
		3E4214F1662F4073B49EBEC0 /* Sources */ = {
			isa = PBXSourcesBuildPhase; buildActionMask = 2147483647; files = (
				A46AC0CF9751424DA765E917 /* CardiacMoodWatchApp.swift in Sources */,
				4DCDA49D701246F6ABAFA4E9 /* ContentView.swift in Sources */,
				C339FA774E5F4E44A1FABEB2 /* Config.swift in Sources */,
				4FB2DFA49F0040CAA8E816E4 /* WatchConnectivitySender.swift in Sources */,
				B7B9AC3855294263980C59C6 /* WorkoutHeartBuffer.swift in Sources */,
			); runOnlyForDeploymentPostprocessing = 0; };
		E1F2A3B4C5D60718293A4B5C021 /* Sources */ = {
			isa = PBXSourcesBuildPhase; buildActionMask = 2147483647; files = (
				E1F2A3B4C5D60718293A4B5C010 /* MoodViewerApp.swift in Sources */,
				E1F2A3B4C5D60718293A4B5C011 /* ViewerRootView.swift in Sources */,
				E1F2A3B4C5D60718293A4B5C013 /* ViewerViewModel.swift in Sources */,
				E1F2A3B4C5D60718293A4B5C012 /* ColorHex.swift in Sources */,
				E1F2A3B4C5D60718293A4B5C014 /* Config.swift in Sources */,
				E1F2A3B4C5D60718293A4B5C015 /* CardiacAPIClient.swift in Sources */,
			); runOnlyForDeploymentPostprocessing = 0; };
/* End PBXSourcesBuildPhase section */

/* Begin XCBuildConfiguration section */
		A2A99A530A6B433294C973FB /* Debug */ = {
			isa = XCBuildConfiguration; buildSettings = {
				ALWAYS_SEARCH_USER_PATHS = NO;
				CLANG_ANALYZER_NONNULL = YES;
				CLANG_ENABLE_MODULES = YES;
				CLANG_ENABLE_OBJC_ARC = YES;
				COPY_PHASE_STRIP = NO;
				DEBUG_INFORMATION_FORMAT = dwarf;
				GCC_DYNAMIC_NO_PIC = NO;
				GCC_OPTIMIZATION_LEVEL = 0;
				GCC_PREPROCESSOR_DEFINITIONS = ( "DEBUG=1", "$(inherited)" );
				ONLY_ACTIVE_ARCH = YES;
				SWIFT_ACTIVE_COMPILATION_CONDITIONS = DEBUG;
				SWIFT_OPTIMIZATION_LEVEL = "-Onone";
				SWIFT_VERSION = 5.0;
				IPHONEOS_DEPLOYMENT_TARGET = 17.0;
				WATCHOS_DEPLOYMENT_TARGET = 10.0;
			}; name = Debug; };
		C3D31C5EFB4347F3BD7EAC5B /* Release */ = {
			isa = XCBuildConfiguration; buildSettings = {
				ALWAYS_SEARCH_USER_PATHS = NO;
				CLANG_ANALYZER_NONNULL = YES;
				CLANG_ENABLE_MODULES = YES;
				CLANG_ENABLE_OBJC_ARC = YES;
				COPY_PHASE_STRIP = NO;
				DEBUG_INFORMATION_FORMAT = "dwarf-with-dsym";
				ENABLE_NS_ASSERTIONS = NO;
				SWIFT_COMPILATION_MODE = wholemodule;
				SWIFT_VERSION = 5.0;
				IPHONEOS_DEPLOYMENT_TARGET = 17.0;
				WATCHOS_DEPLOYMENT_TARGET = 10.0;
			}; name = Release; };
		5110C7CFCB2B4681831CB0D8 /* Debug */ = {
			isa = XCBuildConfiguration; buildSettings = {
				ASSETCATALOG_COMPILER_APPICON_NAME = AppIcon;
				CODE_SIGN_STYLE = Automatic;
				CURRENT_PROJECT_VERSION = 1;
				DEVELOPMENT_TEAM = 877MZL68G8;
				GENERATE_INFOPLIST_FILE = YES;
				INFOPLIST_KEY_CFBundleDisplayName = "Cardiac Mood";
				INFOPLIST_KEY_NSHealthShareUsageDescription = "Reads heart rate and resting heart rate from Health (including Apple Watch) to show your latest BPM on screen and for lamp moods.";
				INFOPLIST_KEY_UIApplicationSceneManifest_Generation = YES;
				INFOPLIST_KEY_UILaunchScreen_Generation = YES;
				INFOPLIST_KEY_UISupportedInterfaceOrientations_iPad = "UIInterfaceOrientationPortrait UIInterfaceOrientationPortraitUpsideDown UIInterfaceOrientationLandscapeLeft UIInterfaceOrientationLandscapeRight";
				INFOPLIST_KEY_UISupportedInterfaceOrientations_iPhone = "UIInterfaceOrientationPortrait UIInterfaceOrientationLandscapeLeft UIInterfaceOrientationLandscapeRight";
				MARKETING_VERSION = 1.0;
				PRODUCT_BUNDLE_IDENTIFIER = com.cardiacmood.CardiacMood;
				PRODUCT_NAME = "$(TARGET_NAME)";
				SDKROOT = iphoneos;
				SUPPORTED_PLATFORMS = "iphoneos iphonesimulator";
				SUPPORTS_MACCATALYST = NO;
				SUPPORTS_MAC_DESIGNED_FOR_IPHONE_IPAD = NO;
				TARGETED_DEVICE_FAMILY = "1,2";
				SWIFT_EMIT_LOC_STRINGS = YES;
				CODE_SIGN_ENTITLEMENTS = CardiacMood/CardiacMood.entitlements;
				LD_RUNPATH_SEARCH_PATHS = (
									"$(inherited)",
									"@executable_path/Frameworks",
								);
			};
			name = Debug;
		};
		37D082D657D94F64AD40A3BE /* Release */ = {
			isa = XCBuildConfiguration; buildSettings = {
				ASSETCATALOG_COMPILER_APPICON_NAME = AppIcon;
				CODE_SIGN_STYLE = Automatic;
				CURRENT_PROJECT_VERSION = 1;
				DEVELOPMENT_TEAM = 877MZL68G8;
				GENERATE_INFOPLIST_FILE = YES;
				INFOPLIST_KEY_CFBundleDisplayName = "Cardiac Mood";
				INFOPLIST_KEY_NSHealthShareUsageDescription = "Reads heart rate and resting heart rate from Health (including Apple Watch) to show your latest BPM on screen and for lamp moods.";
				INFOPLIST_KEY_UIApplicationSceneManifest_Generation = YES;
				INFOPLIST_KEY_UILaunchScreen_Generation = YES;
				INFOPLIST_KEY_UISupportedInterfaceOrientations_iPad = "UIInterfaceOrientationPortrait UIInterfaceOrientationPortraitUpsideDown UIInterfaceOrientationLandscapeLeft UIInterfaceOrientationLandscapeRight";
				INFOPLIST_KEY_UISupportedInterfaceOrientations_iPhone = "UIInterfaceOrientationPortrait UIInterfaceOrientationLandscapeLeft UIInterfaceOrientationLandscapeRight";
				MARKETING_VERSION = 1.0;
				PRODUCT_BUNDLE_IDENTIFIER = com.cardiacmood.CardiacMood;
				PRODUCT_NAME = "$(TARGET_NAME)";
				SDKROOT = iphoneos;
				SUPPORTED_PLATFORMS = "iphoneos iphonesimulator";
				SUPPORTS_MACCATALYST = NO;
				SUPPORTS_MAC_DESIGNED_FOR_IPHONE_IPAD = NO;
				TARGETED_DEVICE_FAMILY = "1,2";
				SWIFT_EMIT_LOC_STRINGS = YES;
				CODE_SIGN_ENTITLEMENTS = CardiacMood/CardiacMood.entitlements;
				LD_RUNPATH_SEARCH_PATHS = (
									"$(inherited)",
									"@executable_path/Frameworks",
								);
			};
			name = Release;
		};
		7013CF21CBF74BDC811A45FC /* Debug */ = {
			isa = XCBuildConfiguration; buildSettings = {
				CODE_SIGN_STYLE = Automatic;
				CURRENT_PROJECT_VERSION = 1;
				DEVELOPMENT_TEAM = 877MZL68G8;
				GENERATE_INFOPLIST_FILE = YES;
				INFOPLIST_KEY_CFBundleDisplayName = "Cardiac Mood";
				INFOPLIST_KEY_NSHealthShareUsageDescription = "Reads heart rate while a workout session collects samples for the lamp demo";
				INFOPLIST_KEY_UISupportedInterfaceOrientations = "UIInterfaceOrientationPortrait UIInterfaceOrientationPortraitUpsideDown";
				INFOPLIST_KEY_WKCompanionAppBundleIdentifier = com.cardiacmood.CardiacMood;
				INFOPLIST_KEY_WKRunsIndependentlyCompanionApp = NO;
				MARKETING_VERSION = 1.0;
				PRODUCT_BUNDLE_IDENTIFIER = com.cardiacmood.CardiacMood.watchkitapp;
				PRODUCT_NAME = "$(TARGET_NAME)";
				SDKROOT = watchos;
				SUPPORTED_PLATFORMS = "watchos watchsimulator";
				SKIP_INSTALL = YES;
				SWIFT_EMIT_LOC_STRINGS = YES;
				TARGETED_DEVICE_FAMILY = 4;
				LD_RUNPATH_SEARCH_PATHS = (
									"$(inherited)",
									"@executable_path/Frameworks",
								);
			};
			name = Debug;
		};
		2C1A1B71AFDA4C76BBE27D43 /* Release */ = {
			isa = XCBuildConfiguration; buildSettings = {
				CODE_SIGN_STYLE = Automatic;
				CURRENT_PROJECT_VERSION = 1;
				DEVELOPMENT_TEAM = 877MZL68G8;
				GENERATE_INFOPLIST_FILE = YES;
				INFOPLIST_KEY_CFBundleDisplayName = "Cardiac Mood";
				INFOPLIST_KEY_NSHealthShareUsageDescription = "Reads heart rate while a workout session collects samples for the lamp demo";
				INFOPLIST_KEY_UISupportedInterfaceOrientations = "UIInterfaceOrientationPortrait UIInterfaceOrientationPortraitUpsideDown";
				INFOPLIST_KEY_WKCompanionAppBundleIdentifier = com.cardiacmood.CardiacMood;
				INFOPLIST_KEY_WKRunsIndependentlyCompanionApp = NO;
				MARKETING_VERSION = 1.0;
				PRODUCT_BUNDLE_IDENTIFIER = com.cardiacmood.CardiacMood.watchkitapp;
				PRODUCT_NAME = "$(TARGET_NAME)";
				SDKROOT = watchos;
				SUPPORTED_PLATFORMS = "watchos watchsimulator";
				SKIP_INSTALL = YES;
				SWIFT_EMIT_LOC_STRINGS = YES;
				TARGETED_DEVICE_FAMILY = 4;
				LD_RUNPATH_SEARCH_PATHS = (
									"$(inherited)",
									"@executable_path/Frameworks",
								);
			};
			name = Release;
		};
		E1F2A3B4C5D60718293A4B5C030 /* Debug */ = {
			isa = XCBuildConfiguration; buildSettings = {
				CODE_SIGN_STYLE = Automatic;
				CURRENT_PROJECT_VERSION = 1;
				DEVELOPMENT_TEAM = 877MZL68G8;
				GENERATE_INFOPLIST_FILE = YES;
				INFOPLIST_KEY_CFBundleDisplayName = "Little Lamp Family";
				INFOPLIST_KEY_UIApplicationSceneManifest_Generation = YES;
				INFOPLIST_KEY_UILaunchScreen_Generation = YES;
				INFOPLIST_KEY_UISupportedInterfaceOrientations_iPhone = "UIInterfaceOrientationPortrait UIInterfaceOrientationLandscapeLeft UIInterfaceOrientationLandscapeRight";
				MARKETING_VERSION = 1.0;
				PRODUCT_BUNDLE_IDENTIFIER = com.cardiacmood.MoodViewer;
				PRODUCT_NAME = "$(TARGET_NAME)";
				SDKROOT = iphoneos;
				SUPPORTED_PLATFORMS = "iphoneos iphonesimulator";
				SUPPORTS_MACCATALYST = NO;
				TARGETED_DEVICE_FAMILY = "1,2";
				SWIFT_EMIT_LOC_STRINGS = YES;
				LD_RUNPATH_SEARCH_PATHS = (
					"$(inherited)",
					"@executable_path/Frameworks",
				);
			};
			name = Debug;
		};
		E1F2A3B4C5D60718293A4B5C031 /* Release */ = {
			isa = XCBuildConfiguration; buildSettings = {
				CODE_SIGN_STYLE = Automatic;
				CURRENT_PROJECT_VERSION = 1;
				DEVELOPMENT_TEAM = 877MZL68G8;
				GENERATE_INFOPLIST_FILE = YES;
				INFOPLIST_KEY_CFBundleDisplayName = "Little Lamp Family";
				INFOPLIST_KEY_UIApplicationSceneManifest_Generation = YES;
				INFOPLIST_KEY_UILaunchScreen_Generation = YES;
				INFOPLIST_KEY_UISupportedInterfaceOrientations_iPhone = "UIInterfaceOrientationPortrait UIInterfaceOrientationLandscapeLeft UIInterfaceOrientationLandscapeRight";
				MARKETING_VERSION = 1.0;
				PRODUCT_BUNDLE_IDENTIFIER = com.cardiacmood.MoodViewer;
				PRODUCT_NAME = "$(TARGET_NAME)";
				SDKROOT = iphoneos;
				SUPPORTED_PLATFORMS = "iphoneos iphonesimulator";
				SUPPORTS_MACCATALYST = NO;
				TARGETED_DEVICE_FAMILY = "1,2";
				SWIFT_EMIT_LOC_STRINGS = YES;
				LD_RUNPATH_SEARCH_PATHS = (
					"$(inherited)",
					"@executable_path/Frameworks",
				);
			};
			name = Release;
		};
/* End XCBuildConfiguration section */

/* Begin XCConfigurationList section */
		829B437550684F108715A653 /* project */ = { isa = XCConfigurationList; buildConfigurations = ( A2A99A530A6B433294C973FB /* Debug */, C3D31C5EFB4347F3BD7EAC5B /* Release */ ); defaultConfigurationIsVisible = 0; defaultConfigurationName = Release; };
		494B49A9479945BBB0280B36 /* ios */ = { isa = XCConfigurationList; buildConfigurations = ( 5110C7CFCB2B4681831CB0D8 /* Debug */, 37D082D657D94F64AD40A3BE /* Release */ ); defaultConfigurationIsVisible = 0; defaultConfigurationName = Release; };
		73A1B15007FF4696BDDE854B /* watch */ = { isa = XCConfigurationList; buildConfigurations = ( 7013CF21CBF74BDC811A45FC /* Debug */, 2C1A1B71AFDA4C76BBE27D43 /* Release */ ); defaultConfigurationIsVisible = 0; defaultConfigurationName = Release; };
		E1F2A3B4C5D60718293A4B5C032 /* Build configuration list for PBXNativeTarget "MoodViewer" */ = { isa = XCConfigurationList; buildConfigurations = ( E1F2A3B4C5D60718293A4B5C030 /* Debug */, E1F2A3B4C5D60718293A4B5C031 /* Release */ ); defaultConfigurationIsVisible = 0; defaultConfigurationName = Release; };
/* End XCConfigurationList section */
	};
	rootObject = CADAA52C0EAD464D9EF49A7B /* Project object */;
}